// !$*UTF8*$!
{
	archiveVersion = 1;
	classes = {
	};
	objectVersion = 56;
	objects = {

/* Begin PBXBuildFile section */
		363801BB2A13BD9A00F8FF64 /* DataLoader.swift in Sources */ = {isa = PBXBuildFile; fileRef = 363801BA2A13BD9A00F8FF64 /* DataLoader.swift */; };
		363801BD2A13F40400F8FF64 /* Product.swift in Sources */ = {isa = PBXBuildFile; fileRef = 363801BC2A13F40400F8FF64 /* Product.swift */; };
		363801BF2A13F8B600F8FF64 /* ProductCell.swift in Sources */ = {isa = PBXBuildFile; fileRef = 363801BE2A13F8B600F8FF64 /* ProductCell.swift */; };
		363801C12A13F8DE00F8FF64 /* Extenstion+UITableCell.swift in Sources */ = {isa = PBXBuildFile; fileRef = 363801C02A13F8DE00F8FF64 /* Extenstion+UITableCell.swift */; };
		366A0A882A13AA35002A556D /* AppDelegate.swift in Sources */ = {isa = PBXBuildFile; fileRef = 366A0A872A13AA35002A556D /* AppDelegate.swift */; };
		366A0A8A2A13AA35002A556D /* SceneDelegate.swift in Sources */ = {isa = PBXBuildFile; fileRef = 366A0A892A13AA35002A556D /* SceneDelegate.swift */; };
		366A0A8C2A13AA35002A556D /* ProductViewController.swift in Sources */ = {isa = PBXBuildFile; fileRef = 366A0A8B2A13AA35002A556D /* ProductViewController.swift */; };
		366A0A912A13AA36002A556D /* Assets.xcassets in Resources */ = {isa = PBXBuildFile; fileRef = 366A0A902A13AA36002A556D /* Assets.xcassets */; };
		366A0A942A13AA36002A556D /* LaunchScreen.storyboard in Resources */ = {isa = PBXBuildFile; fileRef = 366A0A922A13AA36002A556D /* LaunchScreen.storyboard */; };
		366A0A9D2A13B0EA002A556D /* Extension+UIView.swift in Sources */ = {isa = PBXBuildFile; fileRef = 366A0A9C2A13B0EA002A556D /* Extension+UIView.swift */; };
		366A0AA12A13B478002A556D /* transactions.plist in Resources */ = {isa = PBXBuildFile; fileRef = 366A0A9F2A13B478002A556D /* transactions.plist */; };
		366A0AA22A13B478002A556D /* rates.plist in Resources */ = {isa = PBXBuildFile; fileRef = 366A0AA02A13B478002A556D /* rates.plist */; };
		366A0AA52A13B508002A556D /* Rates.swift in Sources */ = {isa = PBXBuildFile; fileRef = 366A0AA42A13B508002A556D /* Rates.swift */; };
		366A0AA72A13B513002A556D /* Transactions.swift in Sources */ = {isa = PBXBuildFile; fileRef = 366A0AA62A13B513002A556D /* Transactions.swift */; };
		366A0AAA2A13BA27002A556D /* ProductViewModel.swift in Sources */ = {isa = PBXBuildFile; fileRef = 366A0AA92A13BA27002A556D /* ProductViewModel.swift */; };
/* End PBXBuildFile section */

/* Begin PBXFileReference section */
		363801BA2A13BD9A00F8FF64 /* DataLoader.swift */ = {isa = PBXFileReference; lastKnownFileType = sourcecode.swift; path = DataLoader.swift; sourceTree = "<group>"; };
		363801BC2A13F40400F8FF64 /* Product.swift */ = {isa = PBXFileReference; lastKnownFileType = sourcecode.swift; path = Product.swift; sourceTree = "<group>"; };
		363801BE2A13F8B600F8FF64 /* ProductCell.swift */ = {isa = PBXFileReference; lastKnownFileType = sourcecode.swift; path = ProductCell.swift; sourceTree = "<group>"; };
		363801C02A13F8DE00F8FF64 /* Extenstion+UITableCell.swift */ = {isa = PBXFileReference; lastKnownFileType = sourcecode.swift; path = "Extenstion+UITableCell.swift"; sourceTree = "<group>"; };
		366A0A842A13AA35002A556D /* TransactionViewer.app */ = {isa = PBXFileReference; explicitFileType = wrapper.application; includeInIndex = 0; path = TransactionViewer.app; sourceTree = BUILT_PRODUCTS_DIR; };
		366A0A872A13AA35002A556D /* AppDelegate.swift */ = {isa = PBXFileReference; lastKnownFileType = sourcecode.swift; path = AppDelegate.swift; sourceTree = "<group>"; };
		366A0A892A13AA35002A556D /* SceneDelegate.swift */ = {isa = PBXFileReference; lastKnownFileType = sourcecode.swift; path = SceneDelegate.swift; sourceTree = "<group>"; };
		366A0A8B2A13AA35002A556D /* ProductViewController.swift */ = {isa = PBXFileReference; lastKnownFileType = sourcecode.swift; path = ProductViewController.swift; sourceTree = "<group>"; };
		366A0A902A13AA36002A556D /* Assets.xcassets */ = {isa = PBXFileReference; lastKnownFileType = folder.assetcatalog; path = Assets.xcassets; sourceTree = "<group>"; };
		366A0A932A13AA36002A556D /* Base */ = {isa = PBXFileReference; lastKnownFileType = file.storyboard; name = Base; path = Base.lproj/LaunchScreen.storyboard; sourceTree = "<group>"; };
		366A0A952A13AA36002A556D /* Info.plist */ = {isa = PBXFileReference; lastKnownFileType = text.plist.xml; path = Info.plist; sourceTree = "<group>"; };
		366A0A9C2A13B0EA002A556D /* Extension+UIView.swift */ = {isa = PBXFileReference; lastKnownFileType = sourcecode.swift; path = "Extension+UIView.swift"; sourceTree = "<group>"; };
		366A0A9F2A13B478002A556D /* transactions.plist */ = {isa = PBXFileReference; fileEncoding = 4; lastKnownFileType = text.plist.xml; path = transactions.plist; sourceTree = "<group>"; };
		366A0AA02A13B478002A556D /* rates.plist */ = {isa = PBXFileReference; fileEncoding = 4; lastKnownFileType = text.plist.xml; path = rates.plist; sourceTree = "<group>"; };
		366A0AA42A13B508002A556D /* Rates.swift */ = {isa = PBXFileReference; lastKnownFileType = sourcecode.swift; path = Rates.swift; sourceTree = "<group>"; };
		366A0AA62A13B513002A556D /* Transactions.swift */ = {isa = PBXFileReference; lastKnownFileType = sourcecode.swift; path = Transactions.swift; sourceTree = "<group>"; };
		366A0AA92A13BA27002A556D /* ProductViewModel.swift */ = {isa = PBXFileReference; lastKnownFileType = sourcecode.swift; path = ProductViewModel.swift; sourceTree = "<group>"; };
/* End PBXFileReference section */

/* Begin PBXFrameworksBuildPhase section */
		366A0A812A13AA35002A556D /* Frameworks */ = {
			isa = PBXFrameworksBuildPhase;
			buildActionMask = 2147483647;
			files = (
			);
			runOnlyForDeploymentPostprocessing = 0;
		};
/* End PBXFrameworksBuildPhase section */

/* Begin PBXGroup section */
		363801B92A13BD4800F8FF64 /* Service */ = {
			isa = PBXGroup;
			children = (
				363801BA2A13BD9A00F8FF64 /* DataLoader.swift */,
			);
			path = Service;
			sourceTree = "<group>";
		};
		366A0A7B2A13AA35002A556D = {
			isa = PBXGroup;
			children = (
				366A0A862A13AA35002A556D /* TransactionViewer */,
				366A0A852A13AA35002A556D /* Products */,
			);
			sourceTree = "<group>";
		};
		366A0A852A13AA35002A556D /* Products */ = {
			isa = PBXGroup;
			children = (
				366A0A842A13AA35002A556D /* TransactionViewer.app */,
			);
			name = Products;
			sourceTree = "<group>";
		};
		366A0A862A13AA35002A556D /* TransactionViewer */ = {
			isa = PBXGroup;
			children = (
				363801B92A13BD4800F8FF64 /* Service */,
				366A0AA82A13BA0C002A556D /* Products */,
				366A0AA32A13B4DF002A556D /* Models */,
				366A0A9E2A13B438002A556D /* Resources */,
				366A0A9B2A13B0D4002A556D /* Extensions */,
				366A0A872A13AA35002A556D /* AppDelegate.swift */,
				366A0A892A13AA35002A556D /* SceneDelegate.swift */,
				366A0A902A13AA36002A556D /* Assets.xcassets */,
				366A0A922A13AA36002A556D /* LaunchScreen.storyboard */,
				366A0A952A13AA36002A556D /* Info.plist */,
			);
			path = TransactionViewer;
			sourceTree = "<group>";
		};
		366A0A9B2A13B0D4002A556D /* Extensions */ = {
			isa = PBXGroup;
			children = (
				366A0A9C2A13B0EA002A556D /* Extension+UIView.swift */,
				363801C02A13F8DE00F8FF64 /* Extenstion+UITableCell.swift */,
			);
			path = Extensions;
			sourceTree = "<group>";
		};
		366A0A9E2A13B438002A556D /* Resources */ = {
			isa = PBXGroup;
			children = (
				366A0AA02A13B478002A556D /* rates.plist */,
				366A0A9F2A13B478002A556D /* transactions.plist */,
			);
			path = Resources;
			sourceTree = "<group>";
		};
		366A0AA32A13B4DF002A556D /* Models */ = {
			isa = PBXGroup;
			children = (
				366A0AA42A13B508002A556D /* Rates.swift */,
				366A0AA62A13B513002A556D /* Transactions.swift */,
				363801BC2A13F40400F8FF64 /* Product.swift */,
			);
			path = Models;
			sourceTree = "<group>";
		};
		366A0AA82A13BA0C002A556D /* Products */ = {
			isa = PBXGroup;
			children = (
				366A0A8B2A13AA35002A556D /* ProductViewController.swift */,
				366A0AA92A13BA27002A556D /* ProductViewModel.swift */,
				363801BE2A13F8B600F8FF64 /* ProductCell.swift */,
			);
			path = Products;
			sourceTree = "<group>";
		};
/* End PBXGroup section */

/* Begin PBXNativeTarget section */
		366A0A832A13AA35002A556D /* TransactionViewer */ = {
			isa = PBXNativeTarget;
			buildConfigurationList = 366A0A982A13AA36002A556D /* Build configuration list for PBXNativeTarget "TransactionViewer" */;
			buildPhases = (
				366A0A802A13AA35002A556D /* Sources */,
				366A0A812A13AA35002A556D /* Frameworks */,
				366A0A822A13AA35002A556D /* Resources */,
			);
			buildRules = (
			);
			dependencies = (
			);
			name = TransactionViewer;
			productName = TransactionViewer;
			productReference = 366A0A842A13AA35002A556D /* TransactionViewer.app */;
			productType = "com.apple.product-type.application";
		};
/* End PBXNativeTarget section */

/* Begin PBXProject section */
		366A0A7C2A13AA35002A556D /* Project object */ = {
			isa = PBXProject;
			attributes = {
				BuildIndependentTargetsInParallel = 1;
				LastSwiftUpdateCheck = 1430;
				LastUpgradeCheck = 1430;
				TargetAttributes = {
					366A0A832A13AA35002A556D = {
						CreatedOnToolsVersion = 14.3;
					};
				};
			};
			buildConfigurationList = 366A0A7F2A13AA35002A556D /* Build configuration list for PBXProject "TransactionViewer" */;
			compatibilityVersion = "Xcode 14.0";
			developmentRegion = en;
			hasScannedForEncodings = 0;
			knownRegions = (
				en,
				Base,
			);
			mainGroup = 366A0A7B2A13AA35002A556D;
			productRefGroup = 366A0A852A13AA35002A556D /* Products */;
			projectDirPath = "";
			projectRoot = "";
			targets = (
				366A0A832A13AA35002A556D /* TransactionViewer */,
			);
		};
/* End PBXProject section */

/* Begin PBXResourcesBuildPhase section */
		366A0A822A13AA35002A556D /* Resources */ = {
			isa = PBXResourcesBuildPhase;
			buildActionMask = 2147483647;
			files = (
				366A0AA22A13B478002A556D /* rates.plist in Resources */,
				366A0A942A13AA36002A556D /* LaunchScreen.storyboard in Resources */,
				366A0A912A13AA36002A556D /* Assets.xcassets in Resources */,
				366A0AA12A13B478002A556D /* transactions.plist in Resources */,
			);
			runOnlyForDeploymentPostprocessing = 0;
		};
/* End PBXResourcesBuildPhase section */

/* Begin PBXSourcesBuildPhase section */
		366A0A802A13AA35002A556D /* Sources */ = {
			isa = PBXSourcesBuildPhase;
			buildActionMask = 2147483647;
			files = (
				366A0AA72A13B513002A556D /* Transactions.swift in Sources */,
				366A0A8C2A13AA35002A556D /* ProductViewController.swift in Sources */,
				363801BD2A13F40400F8FF64 /* Product.swift in Sources */,
				366A0AAA2A13BA27002A556D /* ProductViewModel.swift in Sources */,
				366A0AA52A13B508002A556D /* Rates.swift in Sources */,
				363801C12A13F8DE00F8FF64 /* Extenstion+UITableCell.swift in Sources */,
				363801BB2A13BD9A00F8FF64 /* DataLoader.swift in Sources */,
				366A0A882A13AA35002A556D /* AppDelegate.swift in Sources */,
				363801BF2A13F8B600F8FF64 /* ProductCell.swift in Sources */,
				366A0A9D2A13B0EA002A556D /* Extension+UIView.swift in Sources */,
				366A0A8A2A13AA35002A556D /* SceneDelegate.swift in Sources */,
			);
			runOnlyForDeploymentPostprocessing = 0;
		};
/* End PBXSourcesBuildPhase section */

/* Begin PBXVariantGroup section */
		366A0A922A13AA36002A556D /* LaunchScreen.storyboard */ = {
			isa = PBXVariantGroup;
			children = (
				366A0A932A13AA36002A556D /* Base */,
			);
			name = LaunchScreen.storyboard;
			sourceTree = "<group>";
		};
/* End PBXVariantGroup section */

/* Begin XCBuildConfiguration section */
		366A0A962A13AA36002A556D /* Debug */ = {
			isa = XCBuildConfiguration;
			buildSettings = {
				ALWAYS_SEARCH_USER_PATHS = NO;
				CLANG_ANALYZER_NONNULL = YES;
				CLANG_ANALYZER_NUMBER_OBJECT_CONVERSION = YES_AGGRESSIVE;
				CLANG_CXX_LANGUAGE_STANDARD = "gnu++20";
				CLANG_ENABLE_MODULES = YES;
				CLANG_ENABLE_OBJC_ARC = YES;
				CLANG_ENABLE_OBJC_WEAK = YES;
				CLANG_WARN_BLOCK_CAPTURE_AUTORELEASING = YES;
				CLANG_WARN_BOOL_CONVERSION = YES;
				CLANG_WARN_COMMA = YES;
				CLANG_WARN_CONSTANT_CONVERSION = YES;
				CLANG_WARN_DEPRECATED_OBJC_IMPLEMENTATIONS = YES;
				CLANG_WARN_DIRECT_OBJC_ISA_USAGE = YES_ERROR;
				CLANG_WARN_DOCUMENTATION_COMMENTS = YES;
				CLANG_WARN_EMPTY_BODY = YES;
				CLANG_WARN_ENUM_CONVERSION = YES;
				CLANG_WARN_INFINITE_RECURSION = YES;
				CLANG_WARN_INT_CONVERSION = YES;
				CLANG_WARN_NON_LITERAL_NULL_CONVERSION = YES;
				CLANG_WARN_OBJC_IMPLICIT_RETAIN_SELF = YES;
				CLANG_WARN_OBJC_LITERAL_CONVERSION = YES;
				CLANG_WARN_OBJC_ROOT_CLASS = YES_ERROR;
				CLANG_WARN_QUOTED_INCLUDE_IN_FRAMEWORK_HEADER = YES;
				CLANG_WARN_RANGE_LOOP_ANALYSIS = YES;
				CLANG_WARN_STRICT_PROTOTYPES = YES;
				CLANG_WARN_SUSPICIOUS_MOVE = YES;
				CLANG_WARN_UNGUARDED_AVAILABILITY = YES_AGGRESSIVE;
				CLANG_WARN_UNREACHABLE_CODE = YES;
				CLANG_WARN__DUPLICATE_METHOD_MATCH = YES;
				COPY_PHASE_STRIP = NO;
				DEBUG_INFORMATION_FORMAT = dwarf;
				ENABLE_STRICT_OBJC_MSGSEND = YES;
				ENABLE_TESTABILITY = YES;
				GCC_C_LANGUAGE_STANDARD = gnu11;
				GCC_DYNAMIC_NO_PIC = NO;
				GCC_NO_COMMON_BLOCKS = YES;
				GCC_OPTIMIZATION_LEVEL = 0;
				GCC_PREPROCESSOR_DEFINITIONS = (
					"DEBUG=1",
					"$(inherited)",
				);
				GCC_WARN_64_TO_32_BIT_CONVERSION = YES;
				GCC_WARN_ABOUT_RETURN_TYPE = YES_ERROR;
				GCC_WARN_UNDECLARED_SELECTOR = YES;
				GCC_WARN_UNINITIALIZED_AUTOS = YES_AGGRESSIVE;
				GCC_WARN_UNUSED_FUNCTION = YES;
				GCC_WARN_UNUSED_VARIABLE = YES;
				IPHONEOS_DEPLOYMENT_TARGET = 16.4;
				MTL_ENABLE_DEBUG_INFO = INCLUDE_SOURCE;
				MTL_FAST_MATH = YES;
				ONLY_ACTIVE_ARCH = YES;
				SDKROOT = iphoneos;
				SWIFT_ACTIVE_COMPILATION_CONDITIONS = DEBUG;
				SWIFT_OPTIMIZATION_LEVEL = "-Onone";
			};
			name = Debug;
		};
		366A0A972A13AA36002A556D /* Release */ = {
			isa = XCBuildConfiguration;
			buildSettings = {
				ALWAYS_SEARCH_USER_PATHS = NO;
				CLANG_ANALYZER_NONNULL = YES;
				CLANG_ANALYZER_NUMBER_OBJECT_CONVERSION = YES_AGGRESSIVE;
				CLANG_CXX_LANGUAGE_STANDARD = "gnu++20";
				CLANG_ENABLE_MODULES = YES;
				CLANG_ENABLE_OBJC_ARC = YES;
				CLANG_ENABLE_OBJC_WEAK = YES;
				CLANG_WARN_BLOCK_CAPTURE_AUTORELEASING = YES;
				CLANG_WARN_BOOL_CONVERSION = YES;
				CLANG_WARN_COMMA = YES;
				CLANG_WARN_CONSTANT_CONVERSION = YES;
				CLANG_WARN_DEPRECATED_OBJC_IMPLEMENTATIONS = YES;
				CLANG_WARN_DIRECT_OBJC_ISA_USAGE = YES_ERROR;
				CLANG_WARN_DOCUMENTATION_COMMENTS = YES;
				CLANG_WARN_EMPTY_BODY = YES;
				CLANG_WARN_ENUM_CONVERSION = YES;
				CLANG_WARN_INFINITE_RECURSION = YES;
				CLANG_WARN_INT_CONVERSION = YES;
				CLANG_WARN_NON_LITERAL_NULL_CONVERSION = YES;
				CLANG_WARN_OBJC_IMPLICIT_RETAIN_SELF = YES;
				CLANG_WARN_OBJC_LITERAL_CONVERSION = YES;
				CLANG_WARN_OBJC_ROOT_CLASS = YES_ERROR;
				CLANG_WARN_QUOTED_INCLUDE_IN_FRAMEWORK_HEADER = YES;
				CLANG_WARN_RANGE_LOOP_ANALYSIS = YES;
				CLANG_WARN_STRICT_PROTOTYPES = YES;
				CLANG_WARN_SUSPICIOUS_MOVE = YES;
				CLANG_WARN_UNGUARDED_AVAILABILITY = YES_AGGRESSIVE;
				CLANG_WARN_UNREACHABLE_CODE = YES;
				CLANG_WARN__DUPLICATE_METHOD_MATCH = YES;
				COPY_PHASE_STRIP = NO;
				DEBUG_INFORMATION_FORMAT = "dwarf-with-dsym";
				ENABLE_NS_ASSERTIONS = NO;
				ENABLE_STRICT_OBJC_MSGSEND = YES;
				GCC_C_LANGUAGE_STANDARD = gnu11;
				GCC_NO_COMMON_BLOCKS = YES;
				GCC_WARN_64_TO_32_BIT_CONVERSION = YES;
				GCC_WARN_ABOUT_RETURN_TYPE = YES_ERROR;
				GCC_WARN_UNDECLARED_SELECTOR = YES;
				GCC_WARN_UNINITIALIZED_AUTOS = YES_AGGRESSIVE;
				GCC_WARN_UNUSED_FUNCTION = YES;
				GCC_WARN_UNUSED_VARIABLE = YES;
				IPHONEOS_DEPLOYMENT_TARGET = 16.4;
				MTL_ENABLE_DEBUG_INFO = NO;
				MTL_FAST_MATH = YES;
				SDKROOT = iphoneos;
				SWIFT_COMPILATION_MODE = wholemodule;
				SWIFT_OPTIMIZATION_LEVEL = "-O";
				VALIDATE_PRODUCT = YES;
			};
			name = Release;
		};
		366A0A992A13AA36002A556D /* Debug */ = {
			isa = XCBuildConfiguration;
			buildSettings = {
				ASSETCATALOG_COMPILER_APPICON_NAME = AppIcon;
				ASSETCATALOG_COMPILER_GLOBAL_ACCENT_COLOR_NAME = AccentColor;
				CODE_SIGN_STYLE = Automatic;
				CURRENT_PROJECT_VERSION = 1;
				GENERATE_INFOPLIST_FILE = YES;
				INFOPLIST_FILE = TransactionViewer/Info.plist;
				INFOPLIST_KEY_UIApplicationSupportsIndirectInputEvents = YES;
				INFOPLIST_KEY_UILaunchStoryboardName = LaunchScreen;
				INFOPLIST_KEY_UISupportedInterfaceOrientations = UIInterfaceOrientationPortrait;
				INFOPLIST_KEY_UISupportedInterfaceOrientations_iPad = "UIInterfaceOrientationLandscapeLeft UIInterfaceOrientationLandscapeRight UIInterfaceOrientationPortrait UIInterfaceOrientationPortraitUpsideDown";
				LD_RUNPATH_SEARCH_PATHS = (
					"$(inherited)",
					"@executable_path/Frameworks",
				);
				MARKETING_VERSION = 1.0;
				PRODUCT_BUNDLE_IDENTIFIER = test.TransactionViewer;
				PRODUCT_NAME = "$(TARGET_NAME)";
				SUPPORTED_PLATFORMS = "iphoneos iphonesimulator";
				SUPPORTS_MACCATALYST = NO;
				SUPPORTS_MAC_DESIGNED_FOR_IPHONE_IPAD = NO;
				SWIFT_EMIT_LOC_STRINGS = YES;
				SWIFT_VERSION = 5.0;
				TARGETED_DEVICE_FAMILY = 1;
			};
			name = Debug;
		};
		366A0A9A2A13AA36002A556D /* Release */ = {
			isa = XCBuildConfiguration;
			buildSettings = {
				ASSETCATALOG_COMPILER_APPICON_NAME = AppIcon;
				ASSETCATALOG_COMPILER_GLOBAL_ACCENT_COLOR_NAME = AccentColor;
				CODE_SIGN_STYLE = Automatic;
				CURRENT_PROJECT_VERSION = 1;
				GENERATE_INFOPLIST_FILE = YES;
				INFOPLIST_FILE = TransactionViewer/Info.plist;
				INFOPLIST_KEY_UIApplicationSupportsIndirectInputEvents = YES;
				INFOPLIST_KEY_UILaunchStoryboardName = LaunchScreen;
				INFOPLIST_KEY_UISupportedInterfaceOrientations = UIInterfaceOrientationPortrait;
				INFOPLIST_KEY_UISupportedInterfaceOrientations_iPad = "UIInterfaceOrientationLandscapeLeft UIInterfaceOrientationLandscapeRight UIInterfaceOrientationPortrait UIInterfaceOrientationPortraitUpsideDown";
				LD_RUNPATH_SEARCH_PATHS = (
					"$(inherited)",
					"@executable_path/Frameworks",
				);
				MARKETING_VERSION = 1.0;
				PRODUCT_BUNDLE_IDENTIFIER = test.TransactionViewer;
				PRODUCT_NAME = "$(TARGET_NAME)";
				SUPPORTED_PLATFORMS = "iphoneos iphonesimulator";
				SUPPORTS_MACCATALYST = NO;
				SUPPORTS_MAC_DESIGNED_FOR_IPHONE_IPAD = NO;
				SWIFT_EMIT_LOC_STRINGS = YES;
				SWIFT_VERSION = 5.0;
				TARGETED_DEVICE_FAMILY = 1;
			};
			name = Release;
		};
/* End XCBuildConfiguration section */

/* Begin XCConfigurationList section */
		366A0A7F2A13AA35002A556D /* Build configuration list for PBXProject "TransactionViewer" */ = {
			isa = XCConfigurationList;
			buildConfigurations = (
				366A0A962A13AA36002A556D /* Debug */,
				366A0A972A13AA36002A556D /* Release */,
			);
			defaultConfigurationIsVisible = 0;
			defaultConfigurationName = Release;
		};
		366A0A982A13AA36002A556D /* Build configuration list for PBXNativeTarget "TransactionViewer" */ = {
			isa = XCConfigurationList;
			buildConfigurations = (
				366A0A992A13AA36002A556D /* Debug */,
				366A0A9A2A13AA36002A556D /* Release */,
			);
			defaultConfigurationIsVisible = 0;
			defaultConfigurationName = Release;
		};
/* End XCConfigurationList section */
	};
	rootObject = 366A0A7C2A13AA35002A556D /* Project object */;
}
